<?xml version="1.0" encoding="utf-8"?>
<Project ToolsVersion="4.0" xmlns="http://schemas.microsoft.com/developer/msbuild/2003">
  <ItemGroup>
    <Filter Include="Main">
      <UniqueIdentifier>{fec5b566-df89-4e61-91ae-d3fdff54b6c1}</UniqueIdentifier>
    </Filter>
  </ItemGroup>
  <ItemGroup>
    <ClCompile Include="main.cpp">
      <Filter>Main</Filter>
    </ClCompile>
  </ItemGroup>
</Project>